
Microsoft Visual Studio Solution File, Format Version 12.00
# Visual Studio 15
VisualStudioVersion = 15.0.27004.2009
MinimumVisualStudioVersion = 10.0.40219.1
Project("{888888A0-9F3D-457C-B088-3A5042F75D52}") = "WebProject1", "WebProject1\WebProject1.pyproj", "{713CF1B4-AA1A-40E8-AAE7-D349B12D263A}"
EndProject
Global
	GlobalSection(SolutionConfigurationPlatforms) = preSolution
		Debug|Any CPU = Debug|Any CPU
		Release|Any CPU = Release|Any CPU
	EndGlobalSection
	GlobalSection(ProjectConfigurationPlatforms) = postSolution
		{713CF1B4-AA1A-40E8-AAE7-D349B12D263A}.Debug|Any CPU.ActiveCfg = Debug|Any CPU
		{713CF1B4-AA1A-40E8-AAE7-D349B12D263A}.Debug|Any CPU.Build.0 = Debug|Any CPU
		{713CF1B4-AA1A-40E8-AAE7-D349B12D263A}.Release|Any CPU.ActiveCfg = Release|Any CPU
		{713CF1B4-AA1A-40E8-AAE7-D349B12D263A}.Release|Any CPU.Build.0 = Release|Any CPU
	EndGlobalSection
	GlobalSection(SolutionProperties) = preSolution
		HideSolutionNode = FALSE
	EndGlobalSection
	GlobalSection(ExtensibilityGlobals) = postSolution
		SolutionGuid = {FB89D1B2-9528-4A31-8572-D1B69D5EF500}
	EndGlobalSection
EndGlobal
